
Microsoft Visual Studio Solution File, Format Version 12.00
# Visual Studio Version 17
VisualStudioVersion = 17.10.34928.147
MinimumVisualStudioVersion = 10.0.40219.1
Project("{FAE04EC0-301F-11D3-BF4B-00C04F79EFBC}") = "REAL_EshopProjectHosperger", "REAL_EshopProjectHosperger\REAL_EshopProjectHosperger.csproj", "{A3BDAEBA-0B69-4D8D-8576-92B28EAD79A9}"
EndProject
Global
	GlobalSection(SolutionConfigurationPlatforms) = preSolution
		Debug|Any CPU = Debug|Any CPU
		Release|Any CPU = Release|Any CPU
	EndGlobalSection
	GlobalSection(ProjectConfigurationPlatforms) = postSolution
		{A3BDAEBA-0B69-4D8D-8576-92B28EAD79A9}.Debug|Any CPU.ActiveCfg = Debug|Any CPU
		{A3BDAEBA-0B69-4D8D-8576-92B28EAD79A9}.Debug|Any CPU.Build.0 = Debug|Any CPU
		{A3BDAEBA-0B69-4D8D-8576-92B28EAD79A9}.Release|Any CPU.ActiveCfg = Release|Any CPU
		{A3BDAEBA-0B69-4D8D-8576-92B28EAD79A9}.Release|Any CPU.Build.0 = Release|Any CPU
	EndGlobalSection
	GlobalSection(SolutionProperties) = preSolution
		HideSolutionNode = FALSE
	EndGlobalSection
	GlobalSection(ExtensibilityGlobals) = postSolution
		SolutionGuid = {32E5AA88-D838-4FAC-8BC2-B2467A1704E5}
	EndGlobalSection
EndGlobal
